// !$*UTF8*$!
{
	archiveVersion = 1;
	classes = {
	};
	objectVersion = 77;
	objects = {

/* Begin PBXBuildFile section */
		B909C75B2DD92BED00CCECAB /* IQKeyboardManagerSwift in Frameworks */ = {isa = PBXBuildFile; productRef = B909C75A2DD92BED00CCECAB /* IQKeyboardManagerSwift */; };
		B92568622DD7995A00F1956B /* FirebaseAuth in Frameworks */ = {isa = PBXBuildFile; productRef = B92568612DD7995A00F1956B /* FirebaseAuth */; };
		B92568642DD7995A00F1956B /* FirebaseCore in Frameworks */ = {isa = PBXBuildFile; productRef = B92568632DD7995A00F1956B /* FirebaseCore */; };
		B9D13E2C2DDE7C3800CFC1CC /* Alamofire in Frameworks */ = {isa = PBXBuildFile; productRef = B9D13E2B2DDE7C3800CFC1CC /* Alamofire */; };
		B9D13E722DDFD88A00CFC1CC /* FirebaseAnalytics in Frameworks */ = {isa = PBXBuildFile; productRef = B9D13E712DDFD88A00CFC1CC /* FirebaseAnalytics */; };
		B9D13E742DDFD88A00CFC1CC /* FirebaseAnalyticsOnDeviceConversion in Frameworks */ = {isa = PBXBuildFile; productRef = B9D13E732DDFD88A00CFC1CC /* FirebaseAnalyticsOnDeviceConversion */; };
		B9D13E762DDFD88A00CFC1CC /* FirebaseAnalyticsWithoutAdIdSupport in Frameworks */ = {isa = PBXBuildFile; productRef = B9D13E752DDFD88A00CFC1CC /* FirebaseAnalyticsWithoutAdIdSupport */; };
		B9D13E7C2DDFDE5000CFC1CC /* FirebaseFirestore in Frameworks */ = {isa = PBXBuildFile; productRef = B9D13E7B2DDFDE5000CFC1CC /* FirebaseFirestore */; };
		B9D13E7E2DDFDE5000CFC1CC /* FirebaseFirestoreCombine-Community in Frameworks */ = {isa = PBXBuildFile; productRef = B9D13E7D2DDFDE5000CFC1CC /* FirebaseFirestoreCombine-Community */; };
/* End PBXBuildFile section */

/* Begin PBXContainerItemProxy section */
		B9D13E872DE0033800CFC1CC /* PBXContainerItemProxy */ = {
			isa = PBXContainerItemProxy;
			containerPortal = B925683F2DD797AE00F1956B /* Project object */;
			proxyType = 1;
			remoteGlobalIDString = B92568462DD797AE00F1956B;
			remoteInfo = OddsTask;
		};
/* End PBXContainerItemProxy section */

/* Begin PBXFileReference section */
		B92568472DD797AE00F1956B /* OddsTask.app */ = {isa = PBXFileReference; explicitFileType = wrapper.application; includeInIndex = 0; path = OddsTask.app; sourceTree = BUILT_PRODUCTS_DIR; };
		B9D13E832DE0033800CFC1CC /* OddsTaskTests.xctest */ = {isa = PBXFileReference; explicitFileType = wrapper.cfbundle; includeInIndex = 0; path = OddsTaskTests.xctest; sourceTree = BUILT_PRODUCTS_DIR; };
		B9D13F752DE01E2400CFC1CC /* OddsTask.xctestplan */ = {isa = PBXFileReference; lastKnownFileType = text; path = OddsTask.xctestplan; sourceTree = "<group>"; };
/* End PBXFileReference section */

/* Begin PBXFileSystemSynchronizedBuildFileExceptionSet section */
		B92568592DD797AF00F1956B /* Exceptions for "OddsTask" folder in "OddsTask" target */ = {
			isa = PBXFileSystemSynchronizedBuildFileExceptionSet;
			membershipExceptions = (
				Resources/Info.plist,
			);
			target = B92568462DD797AE00F1956B /* OddsTask */;
		};
/* End PBXFileSystemSynchronizedBuildFileExceptionSet section */

/* Begin PBXFileSystemSynchronizedRootGroup section */
		B92568492DD797AE00F1956B /* OddsTask */ = {
			isa = PBXFileSystemSynchronizedRootGroup;
			exceptions = (
				B92568592DD797AF00F1956B /* Exceptions for "OddsTask" folder in "OddsTask" target */,
			);
			path = OddsTask;
			sourceTree = "<group>";
		};
		B9D13E842DE0033800CFC1CC /* OddsTaskTests */ = {
			isa = PBXFileSystemSynchronizedRootGroup;
			path = OddsTaskTests;
			sourceTree = "<group>";
		};
/* End PBXFileSystemSynchronizedRootGroup section */

/* Begin PBXFrameworksBuildPhase section */
		B92568442DD797AE00F1956B /* Frameworks */ = {
			isa = PBXFrameworksBuildPhase;
			buildActionMask = 2147483647;
			files = (
				B92568642DD7995A00F1956B /* FirebaseCore in Frameworks */,
				B9D13E742DDFD88A00CFC1CC /* FirebaseAnalyticsOnDeviceConversion in Frameworks */,
				B9D13E2C2DDE7C3800CFC1CC /* Alamofire in Frameworks */,
				B9D13E7E2DDFDE5000CFC1CC /* FirebaseFirestoreCombine-Community in Frameworks */,
				B92568622DD7995A00F1956B /* FirebaseAuth in Frameworks */,
				B9D13E762DDFD88A00CFC1CC /* FirebaseAnalyticsWithoutAdIdSupport in Frameworks */,
				B9D13E7C2DDFDE5000CFC1CC /* FirebaseFirestore in Frameworks */,
				B9D13E722DDFD88A00CFC1CC /* FirebaseAnalytics in Frameworks */,
				B909C75B2DD92BED00CCECAB /* IQKeyboardManagerSwift in Frameworks */,
			);
			runOnlyForDeploymentPostprocessing = 0;
		};
		B9D13E802DE0033800CFC1CC /* Frameworks */ = {
			isa = PBXFrameworksBuildPhase;
			buildActionMask = 2147483647;
			files = (
			);
			runOnlyForDeploymentPostprocessing = 0;
		};
/* End PBXFrameworksBuildPhase section */

/* Begin PBXGroup section */
		B925683E2DD797AE00F1956B = {
			isa = PBXGroup;
			children = (
				B9D13F752DE01E2400CFC1CC /* OddsTask.xctestplan */,
				B92568492DD797AE00F1956B /* OddsTask */,
				B9D13E842DE0033800CFC1CC /* OddsTaskTests */,
				B9D13E2A2DDE7C3800CFC1CC /* Frameworks */,
				B92568482DD797AE00F1956B /* Products */,
			);
			sourceTree = "<group>";
		};
		B92568482DD797AE00F1956B /* Products */ = {
			isa = PBXGroup;
			children = (
				B92568472DD797AE00F1956B /* OddsTask.app */,
				B9D13E832DE0033800CFC1CC /* OddsTaskTests.xctest */,
			);
			name = Products;
			sourceTree = "<group>";
		};
		B9D13E2A2DDE7C3800CFC1CC /* Frameworks */ = {
			isa = PBXGroup;
			children = (
			);
			name = Frameworks;
			sourceTree = "<group>";
		};
/* End PBXGroup section */

/* Begin PBXNativeTarget section */
		B92568462DD797AE00F1956B /* OddsTask */ = {
			isa = PBXNativeTarget;
			buildConfigurationList = B925685A2DD797AF00F1956B /* Build configuration list for PBXNativeTarget "OddsTask" */;
			buildPhases = (
				B92568432DD797AE00F1956B /* Sources */,
				B92568442DD797AE00F1956B /* Frameworks */,
				B92568452DD797AE00F1956B /* Resources */,
			);
			buildRules = (
			);
			dependencies = (
			);
			fileSystemSynchronizedGroups = (
				B92568492DD797AE00F1956B /* OddsTask */,
			);
			name = OddsTask;
			packageProductDependencies = (
				B92568612DD7995A00F1956B /* FirebaseAuth */,
				B92568632DD7995A00F1956B /* FirebaseCore */,
				B909C75A2DD92BED00CCECAB /* IQKeyboardManagerSwift */,
				B9D13E2B2DDE7C3800CFC1CC /* Alamofire */,
				B9D13E712DDFD88A00CFC1CC /* FirebaseAnalytics */,
				B9D13E732DDFD88A00CFC1CC /* FirebaseAnalyticsOnDeviceConversion */,
				B9D13E752DDFD88A00CFC1CC /* FirebaseAnalyticsWithoutAdIdSupport */,
				B9D13E7B2DDFDE5000CFC1CC /* FirebaseFirestore */,
				B9D13E7D2DDFDE5000CFC1CC /* FirebaseFirestoreCombine-Community */,
			);
			productName = BilyonerTask;
			productReference = B92568472DD797AE00F1956B /* OddsTask.app */;
			productType = "com.apple.product-type.application";
		};
		B9D13E822DE0033800CFC1CC /* OddsTaskTests */ = {
			isa = PBXNativeTarget;
			buildConfigurationList = B9D13E892DE0033800CFC1CC /* Build configuration list for PBXNativeTarget "OddsTaskTests" */;
			buildPhases = (
				B9D13E7F2DE0033800CFC1CC /* Sources */,
				B9D13E802DE0033800CFC1CC /* Frameworks */,
				B9D13E812DE0033800CFC1CC /* Resources */,
			);
			buildRules = (
			);
			dependencies = (
				B9D13E882DE0033800CFC1CC /* PBXTargetDependency */,
			);
			fileSystemSynchronizedGroups = (
				B9D13E842DE0033800CFC1CC /* OddsTaskTests */,
			);
			name = OddsTaskTests;
			packageProductDependencies = (
			);
			productName = OddsTaskTests;
			productReference = B9D13E832DE0033800CFC1CC /* OddsTaskTests.xctest */;
			productType = "com.apple.product-type.bundle.unit-test";
		};
/* End PBXNativeTarget section */

/* Begin PBXProject section */
		B925683F2DD797AE00F1956B /* Project object */ = {
			isa = PBXProject;
			attributes = {
				BuildIndependentTargetsInParallel = 1;
				LastSwiftUpdateCheck = 1620;
				LastUpgradeCheck = 1620;
				TargetAttributes = {
					B92568462DD797AE00F1956B = {
						CreatedOnToolsVersion = 16.2;
					};
					B9D13E822DE0033800CFC1CC = {
						CreatedOnToolsVersion = 16.2;
						LastSwiftMigration = 1620;
						TestTargetID = B92568462DD797AE00F1956B;
					};
				};
			};
			buildConfigurationList = B92568422DD797AE00F1956B /* Build configuration list for PBXProject "OddsTask" */;
			developmentRegion = en;
			hasScannedForEncodings = 0;
			knownRegions = (
				en,
				Base,
				tr,
			);
			mainGroup = B925683E2DD797AE00F1956B;
			minimizedProjectReferenceProxies = 1;
			packageReferences = (
				B92568602DD7995A00F1956B /* XCRemoteSwiftPackageReference "firebase-ios-sdk" */,
				B909C7592DD92BED00CCECAB /* XCRemoteSwiftPackageReference "IQKeyboardManager" */,
				B93FCBF52DDA36AC00A2307F /* XCRemoteSwiftPackageReference "Alamofire" */,
			);
			preferredProjectObjectVersion = 77;
			productRefGroup = B92568482DD797AE00F1956B /* Products */;
			projectDirPath = "";
			projectRoot = "";
			targets = (
				B92568462DD797AE00F1956B /* OddsTask */,
				B9D13E822DE0033800CFC1CC /* OddsTaskTests */,
			);
		};
/* End PBXProject section */

/* Begin PBXResourcesBuildPhase section */
		B92568452DD797AE00F1956B /* Resources */ = {
			isa = PBXResourcesBuildPhase;
			buildActionMask = 2147483647;
			files = (
			);
			runOnlyForDeploymentPostprocessing = 0;
		};
		B9D13E812DE0033800CFC1CC /* Resources */ = {
			isa = PBXResourcesBuildPhase;
			buildActionMask = 2147483647;
			files = (
			);
			runOnlyForDeploymentPostprocessing = 0;
		};
/* End PBXResourcesBuildPhase section */

/* Begin PBXSourcesBuildPhase section */
		B92568432DD797AE00F1956B /* Sources */ = {
			isa = PBXSourcesBuildPhase;
			buildActionMask = 2147483647;
			files = (
			);
			runOnlyForDeploymentPostprocessing = 0;
		};
		B9D13E7F2DE0033800CFC1CC /* Sources */ = {
			isa = PBXSourcesBuildPhase;
			buildActionMask = 2147483647;
			files = (
			);
			runOnlyForDeploymentPostprocessing = 0;
		};
/* End PBXSourcesBuildPhase section */

/* Begin PBXTargetDependency section */
		B9D13E882DE0033800CFC1CC /* PBXTargetDependency */ = {
			isa = PBXTargetDependency;
			target = B92568462DD797AE00F1956B /* OddsTask */;
			targetProxy = B9D13E872DE0033800CFC1CC /* PBXContainerItemProxy */;
		};
/* End PBXTargetDependency section */

/* Begin XCBuildConfiguration section */
		B925685B2DD797AF00F1956B /* Debug */ = {
			isa = XCBuildConfiguration;
			buildSettings = {
				ASSETCATALOG_COMPILER_APPICON_NAME = AppIcon;
				ASSETCATALOG_COMPILER_GLOBAL_ACCENT_COLOR_NAME = AccentColor;
				CODE_SIGN_STYLE = Automatic;
				CURRENT_PROJECT_VERSION = 1;
				DEVELOPMENT_TEAM = EGJHS55P99;
				ENABLE_USER_SCRIPT_SANDBOXING = NO;
				GENERATE_INFOPLIST_FILE = YES;
				INFOPLIST_FILE = OddsTask/Resources/Info.plist;
				INFOPLIST_KEY_UIApplicationSupportsIndirectInputEvents = YES;
				INFOPLIST_KEY_UILaunchStoryboardName = LaunchScreen;
				INFOPLIST_KEY_UISupportedInterfaceOrientations_iPad = "UIInterfaceOrientationPortrait UIInterfaceOrientationPortraitUpsideDown UIInterfaceOrientationLandscapeLeft UIInterfaceOrientationLandscapeRight";
				INFOPLIST_KEY_UISupportedInterfaceOrientations_iPhone = "UIInterfaceOrientationPortrait UIInterfaceOrientationLandscapeLeft UIInterfaceOrientationLandscapeRight";
				LD_RUNPATH_SEARCH_PATHS = (
					"$(inherited)",
					"@executable_path/Frameworks",
				);
				MARKETING_VERSION = 1.0;
				PRODUCT_BUNDLE_IDENTIFIER = com.odds.OddsTask;
				PRODUCT_NAME = "$(TARGET_NAME)";
				SWIFT_EMIT_LOC_STRINGS = YES;
				SWIFT_VERSION = 5.0;
				TARGETED_DEVICE_FAMILY = "1,2";
			};
			name = Debug;
		};
		B925685C2DD797AF00F1956B /* Release */ = {
			isa = XCBuildConfiguration;
			buildSettings = {
				ASSETCATALOG_COMPILER_APPICON_NAME = AppIcon;
				ASSETCATALOG_COMPILER_GLOBAL_ACCENT_COLOR_NAME = AccentColor;
				CODE_SIGN_STYLE = Automatic;
				CURRENT_PROJECT_VERSION = 1;
				DEVELOPMENT_TEAM = EGJHS55P99;
				ENABLE_USER_SCRIPT_SANDBOXING = NO;
				GENERATE_INFOPLIST_FILE = YES;
				INFOPLIST_FILE = OddsTask/Resources/Info.plist;
				INFOPLIST_KEY_UIApplicationSupportsIndirectInputEvents = YES;
				INFOPLIST_KEY_UILaunchStoryboardName = LaunchScreen;
				INFOPLIST_KEY_UISupportedInterfaceOrientations_iPad = "UIInterfaceOrientationPortrait UIInterfaceOrientationPortraitUpsideDown UIInterfaceOrientationLandscapeLeft UIInterfaceOrientationLandscapeRight";
				INFOPLIST_KEY_UISupportedInterfaceOrientations_iPhone = "UIInterfaceOrientationPortrait UIInterfaceOrientationLandscapeLeft UIInterfaceOrientationLandscapeRight";
				LD_RUNPATH_SEARCH_PATHS = (
					"$(inherited)",
					"@executable_path/Frameworks",
				);
				MARKETING_VERSION = 1.0;
				PRODUCT_BUNDLE_IDENTIFIER = com.odds.OddsTask;
				PRODUCT_NAME = "$(TARGET_NAME)";
				SWIFT_EMIT_LOC_STRINGS = YES;
				SWIFT_VERSION = 5.0;
				TARGETED_DEVICE_FAMILY = "1,2";
			};
			name = Release;
		};
		B925685D2DD797AF00F1956B /* Debug */ = {
			isa = XCBuildConfiguration;
			buildSettings = {
				ALWAYS_SEARCH_USER_PATHS = NO;
				ASSETCATALOG_COMPILER_GENERATE_SWIFT_ASSET_SYMBOL_EXTENSIONS = YES;
				CLANG_ANALYZER_LOCALIZABILITY_NONLOCALIZED = YES;
				CLANG_ANALYZER_NONNULL = YES;
				CLANG_ANALYZER_NUMBER_OBJECT_CONVERSION = YES_AGGRESSIVE;
				CLANG_CXX_LANGUAGE_STANDARD = "gnu++20";
				CLANG_ENABLE_MODULES = YES;
				CLANG_ENABLE_OBJC_ARC = YES;
				CLANG_ENABLE_OBJC_WEAK = YES;
				CLANG_WARN_BLOCK_CAPTURE_AUTORELEASING = YES;
				CLANG_WARN_BOOL_CONVERSION = YES;
				CLANG_WARN_COMMA = YES;
				CLANG_WARN_CONSTANT_CONVERSION = YES;
				CLANG_WARN_DEPRECATED_OBJC_IMPLEMENTATIONS = YES;
				CLANG_WARN_DIRECT_OBJC_ISA_USAGE = YES_ERROR;
				CLANG_WARN_DOCUMENTATION_COMMENTS = YES;
				CLANG_WARN_EMPTY_BODY = YES;
				CLANG_WARN_ENUM_CONVERSION = YES;
				CLANG_WARN_INFINITE_RECURSION = YES;
				CLANG_WARN_INT_CONVERSION = YES;
				CLANG_WARN_NON_LITERAL_NULL_CONVERSION = YES;
				CLANG_WARN_OBJC_IMPLICIT_RETAIN_SELF = YES;
				CLANG_WARN_OBJC_LITERAL_CONVERSION = YES;
				CLANG_WARN_OBJC_ROOT_CLASS = YES_ERROR;
				CLANG_WARN_QUOTED_INCLUDE_IN_FRAMEWORK_HEADER = YES;
				CLANG_WARN_RANGE_LOOP_ANALYSIS = YES;
				CLANG_WARN_STRICT_PROTOTYPES = YES;
				CLANG_WARN_SUSPICIOUS_MOVE = YES;
				CLANG_WARN_UNGUARDED_AVAILABILITY = YES_AGGRESSIVE;
				CLANG_WARN_UNREACHABLE_CODE = YES;
				CLANG_WARN__DUPLICATE_METHOD_MATCH = YES;
				COPY_PHASE_STRIP = NO;
				DEBUG_INFORMATION_FORMAT = dwarf;
				ENABLE_STRICT_OBJC_MSGSEND = YES;
				ENABLE_TESTABILITY = YES;
				ENABLE_USER_SCRIPT_SANDBOXING = YES;
				GCC_C_LANGUAGE_STANDARD = gnu17;
				GCC_DYNAMIC_NO_PIC = NO;
				GCC_NO_COMMON_BLOCKS = YES;
				GCC_OPTIMIZATION_LEVEL = 0;
				GCC_PREPROCESSOR_DEFINITIONS = (
					"DEBUG=1",
					"$(inherited)",
				);
				GCC_WARN_64_TO_32_BIT_CONVERSION = YES;
				GCC_WARN_ABOUT_RETURN_TYPE = YES_ERROR;
				GCC_WARN_UNDECLARED_SELECTOR = YES;
				GCC_WARN_UNINITIALIZED_AUTOS = YES_AGGRESSIVE;
				GCC_WARN_UNUSED_FUNCTION = YES;
				GCC_WARN_UNUSED_VARIABLE = YES;
				IPHONEOS_DEPLOYMENT_TARGET = 15.6;
				LOCALIZATION_PREFERS_STRING_CATALOGS = YES;
				MTL_ENABLE_DEBUG_INFO = INCLUDE_SOURCE;
				MTL_FAST_MATH = YES;
				ONLY_ACTIVE_ARCH = YES;
				SDKROOT = iphoneos;
				SWIFT_ACTIVE_COMPILATION_CONDITIONS = "DEBUG $(inherited)";
				SWIFT_OPTIMIZATION_LEVEL = "-Onone";
			};
			name = Debug;
		};
		B925685E2DD797AF00F1956B /* Release */ = {
			isa = XCBuildConfiguration;
			buildSettings = {
				ALWAYS_SEARCH_USER_PATHS = NO;
				ASSETCATALOG_COMPILER_GENERATE_SWIFT_ASSET_SYMBOL_EXTENSIONS = YES;
				CLANG_ANALYZER_LOCALIZABILITY_NONLOCALIZED = YES;
				CLANG_ANALYZER_NONNULL = YES;
				CLANG_ANALYZER_NUMBER_OBJECT_CONVERSION = YES_AGGRESSIVE;
				CLANG_CXX_LANGUAGE_STANDARD = "gnu++20";
				CLANG_ENABLE_MODULES = YES;
				CLANG_ENABLE_OBJC_ARC = YES;
				CLANG_ENABLE_OBJC_WEAK = YES;
				CLANG_WARN_BLOCK_CAPTURE_AUTORELEASING = YES;
				CLANG_WARN_BOOL_CONVERSION = YES;
				CLANG_WARN_COMMA = YES;
				CLANG_WARN_CONSTANT_CONVERSION = YES;
				CLANG_WARN_DEPRECATED_OBJC_IMPLEMENTATIONS = YES;
				CLANG_WARN_DIRECT_OBJC_ISA_USAGE = YES_ERROR;
				CLANG_WARN_DOCUMENTATION_COMMENTS = YES;
				CLANG_WARN_EMPTY_BODY = YES;
				CLANG_WARN_ENUM_CONVERSION = YES;
				CLANG_WARN_INFINITE_RECURSION = YES;
				CLANG_WARN_INT_CONVERSION = YES;
				CLANG_WARN_NON_LITERAL_NULL_CONVERSION = YES;
				CLANG_WARN_OBJC_IMPLICIT_RETAIN_SELF = YES;
				CLANG_WARN_OBJC_LITERAL_CONVERSION = YES;
				CLANG_WARN_OBJC_ROOT_CLASS = YES_ERROR;
				CLANG_WARN_QUOTED_INCLUDE_IN_FRAMEWORK_HEADER = YES;
				CLANG_WARN_RANGE_LOOP_ANALYSIS = YES;
				CLANG_WARN_STRICT_PROTOTYPES = YES;
				CLANG_WARN_SUSPICIOUS_MOVE = YES;
				CLANG_WARN_UNGUARDED_AVAILABILITY = YES_AGGRESSIVE;
				CLANG_WARN_UNREACHABLE_CODE = YES;
				CLANG_WARN__DUPLICATE_METHOD_MATCH = YES;
				COPY_PHASE_STRIP = NO;
				DEBUG_INFORMATION_FORMAT = "dwarf-with-dsym";
				ENABLE_NS_ASSERTIONS = NO;
				ENABLE_STRICT_OBJC_MSGSEND = YES;
				ENABLE_USER_SCRIPT_SANDBOXING = YES;
				GCC_C_LANGUAGE_STANDARD = gnu17;
				GCC_NO_COMMON_BLOCKS = YES;
				GCC_WARN_64_TO_32_BIT_CONVERSION = YES;
				GCC_WARN_ABOUT_RETURN_TYPE = YES_ERROR;
				GCC_WARN_UNDECLARED_SELECTOR = YES;
				GCC_WARN_UNINITIALIZED_AUTOS = YES_AGGRESSIVE;
				GCC_WARN_UNUSED_FUNCTION = YES;
				GCC_WARN_UNUSED_VARIABLE = YES;
				IPHONEOS_DEPLOYMENT_TARGET = 15.6;
				LOCALIZATION_PREFERS_STRING_CATALOGS = YES;
				MTL_ENABLE_DEBUG_INFO = NO;
				MTL_FAST_MATH = YES;
				SDKROOT = iphoneos;
				SWIFT_COMPILATION_MODE = wholemodule;
				VALIDATE_PRODUCT = YES;
			};
			name = Release;
		};
		B9D13E8A2DE0033800CFC1CC /* Debug */ = {
			isa = XCBuildConfiguration;
			buildSettings = {
				BUNDLE_LOADER = "$(TEST_HOST)";
				CLANG_ENABLE_MODULES = YES;
				CODE_SIGN_STYLE = Automatic;
				CURRENT_PROJECT_VERSION = 1;
				DEVELOPMENT_TEAM = EGJHS55P99;
				GENERATE_INFOPLIST_FILE = YES;
				IPHONEOS_DEPLOYMENT_TARGET = 18.2;
				MARKETING_VERSION = 1.0;
				PRODUCT_BUNDLE_IDENTIFIER = com.bilyoner.OddsTaskTests;
				PRODUCT_NAME = "$(TARGET_NAME)";
				SWIFT_EMIT_LOC_STRINGS = NO;
				SWIFT_OPTIMIZATION_LEVEL = "-Onone";
				SWIFT_VERSION = 5.0;
				TARGETED_DEVICE_FAMILY = "1,2";
				TEST_HOST = "$(BUILT_PRODUCTS_DIR)/OddsTask.app/$(BUNDLE_EXECUTABLE_FOLDER_PATH)/OddsTask";
			};
			name = Debug;
		};
		B9D13E8B2DE0033800CFC1CC /* Release */ = {
			isa = XCBuildConfiguration;
			buildSettings = {
				BUNDLE_LOADER = "$(TEST_HOST)";
				CLANG_ENABLE_MODULES = YES;
				CODE_SIGN_STYLE = Automatic;
				CURRENT_PROJECT_VERSION = 1;
				DEVELOPMENT_TEAM = EGJHS55P99;
				GENERATE_INFOPLIST_FILE = YES;
				IPHONEOS_DEPLOYMENT_TARGET = 18.2;
				MARKETING_VERSION = 1.0;
				PRODUCT_BUNDLE_IDENTIFIER = com.bilyoner.OddsTaskTests;
				PRODUCT_NAME = "$(TARGET_NAME)";
				SWIFT_EMIT_LOC_STRINGS = NO;
				SWIFT_VERSION = 5.0;
				TARGETED_DEVICE_FAMILY = "1,2";
				TEST_HOST = "$(BUILT_PRODUCTS_DIR)/OddsTask.app/$(BUNDLE_EXECUTABLE_FOLDER_PATH)/OddsTask";
			};
			name = Release;
		};
/* End XCBuildConfiguration section */

/* Begin XCConfigurationList section */
		B92568422DD797AE00F1956B /* Build configuration list for PBXProject "OddsTask" */ = {
			isa = XCConfigurationList;
			buildConfigurations = (
				B925685D2DD797AF00F1956B /* Debug */,
				B925685E2DD797AF00F1956B /* Release */,
			);
			defaultConfigurationIsVisible = 0;
			defaultConfigurationName = Release;
		};
		B925685A2DD797AF00F1956B /* Build configuration list for PBXNativeTarget "OddsTask" */ = {
			isa = XCConfigurationList;
			buildConfigurations = (
				B925685B2DD797AF00F1956B /* Debug */,
				B925685C2DD797AF00F1956B /* Release */,
			);
			defaultConfigurationIsVisible = 0;
			defaultConfigurationName = Release;
		};
		B9D13E892DE0033800CFC1CC /* Build configuration list for PBXNativeTarget "OddsTaskTests" */ = {
			isa = XCConfigurationList;
			buildConfigurations = (
				B9D13E8A2DE0033800CFC1CC /* Debug */,
				B9D13E8B2DE0033800CFC1CC /* Release */,
			);
			defaultConfigurationIsVisible = 0;
			defaultConfigurationName = Release;
		};
/* End XCConfigurationList section */

/* Begin XCRemoteSwiftPackageReference section */
		B909C7592DD92BED00CCECAB /* XCRemoteSwiftPackageReference "IQKeyboardManager" */ = {
			isa = XCRemoteSwiftPackageReference;
			repositoryURL = "https://github.com/hackiftekhar/IQKeyboardManager.git";
			requirement = {
				kind = upToNextMajorVersion;
				minimumVersion = 8.0.1;
			};
		};
		B92568602DD7995A00F1956B /* XCRemoteSwiftPackageReference "firebase-ios-sdk" */ = {
			isa = XCRemoteSwiftPackageReference;
			repositoryURL = "https://github.com/firebase/firebase-ios-sdk.git";
			requirement = {
				kind = upToNextMajorVersion;
				minimumVersion = 11.12.0;
			};
		};
		B93FCBF52DDA36AC00A2307F /* XCRemoteSwiftPackageReference "Alamofire" */ = {
			isa = XCRemoteSwiftPackageReference;
			repositoryURL = "https://github.com/Alamofire/Alamofire";
			requirement = {
				kind = upToNextMajorVersion;
				minimumVersion = 5.10.2;
			};
		};
/* End XCRemoteSwiftPackageReference section */

/* Begin XCSwiftPackageProductDependency section */
		B909C75A2DD92BED00CCECAB /* IQKeyboardManagerSwift */ = {
			isa = XCSwiftPackageProductDependency;
			package = B909C7592DD92BED00CCECAB /* XCRemoteSwiftPackageReference "IQKeyboardManager" */;
			productName = IQKeyboardManagerSwift;
		};
		B92568612DD7995A00F1956B /* FirebaseAuth */ = {
			isa = XCSwiftPackageProductDependency;
			package = B92568602DD7995A00F1956B /* XCRemoteSwiftPackageReference "firebase-ios-sdk" */;
			productName = FirebaseAuth;
		};
		B92568632DD7995A00F1956B /* FirebaseCore */ = {
			isa = XCSwiftPackageProductDependency;
			package = B92568602DD7995A00F1956B /* XCRemoteSwiftPackageReference "firebase-ios-sdk" */;
			productName = FirebaseCore;
		};
		B9D13E2B2DDE7C3800CFC1CC /* Alamofire */ = {
			isa = XCSwiftPackageProductDependency;
			package = B93FCBF52DDA36AC00A2307F /* XCRemoteSwiftPackageReference "Alamofire" */;
			productName = Alamofire;
		};
		B9D13E712DDFD88A00CFC1CC /* FirebaseAnalytics */ = {
			isa = XCSwiftPackageProductDependency;
			package = B92568602DD7995A00F1956B /* XCRemoteSwiftPackageReference "firebase-ios-sdk" */;
			productName = FirebaseAnalytics;
		};
		B9D13E732DDFD88A00CFC1CC /* FirebaseAnalyticsOnDeviceConversion */ = {
			isa = XCSwiftPackageProductDependency;
			package = B92568602DD7995A00F1956B /* XCRemoteSwiftPackageReference "firebase-ios-sdk" */;
			productName = FirebaseAnalyticsOnDeviceConversion;
		};
		B9D13E752DDFD88A00CFC1CC /* FirebaseAnalyticsWithoutAdIdSupport */ = {
			isa = XCSwiftPackageProductDependency;
			package = B92568602DD7995A00F1956B /* XCRemoteSwiftPackageReference "firebase-ios-sdk" */;
			productName = FirebaseAnalyticsWithoutAdIdSupport;
		};
		B9D13E7B2DDFDE5000CFC1CC /* FirebaseFirestore */ = {
			isa = XCSwiftPackageProductDependency;
			package = B92568602DD7995A00F1956B /* XCRemoteSwiftPackageReference "firebase-ios-sdk" */;
			productName = FirebaseFirestore;
		};
		B9D13E7D2DDFDE5000CFC1CC /* FirebaseFirestoreCombine-Community */ = {
			isa = XCSwiftPackageProductDependency;
			package = B92568602DD7995A00F1956B /* XCRemoteSwiftPackageReference "firebase-ios-sdk" */;
			productName = "FirebaseFirestoreCombine-Community";
		};
/* End XCSwiftPackageProductDependency section */
	};
	rootObject = B925683F2DD797AE00F1956B /* Project object */;
}
